PODS:
  - Beacon (3.0.0)
  - Flutter (1.0.0)
  - help_scout_beacon (0.0.1):
    - Beacon
    - Flutter
  - integration_test (0.0.1):
    - Flutter
  - path_provider_foundation (0.0.1):
    - Flutter
    - FlutterMacOS

DEPENDENCIES:
  - Flutter (from `Flutter`)
  - help_scout_beacon (from `.symlinks/plugins/help_scout_beacon/ios`)
  - integration_test (from `.symlinks/plugins/integration_test/ios`)
  - path_provider_foundation (from `.symlinks/plugins/path_provider_foundation/darwin`)

SPEC REPOS:
  trunk:
    - Beacon

EXTERNAL SOURCES:
  Flutter:
    :path: Flutter
  help_scout_beacon:
    :path: ".symlinks/plugins/help_scout_beacon/ios"
  integration_test:
    :path: ".symlinks/plugins/integration_test/ios"
  path_provider_foundation:
    :path: ".symlinks/plugins/path_provider_foundation/darwin"

SPEC CHECKSUMS:
  Beacon: 40264b605cb79338f8dfe28b9e07ebd172121deb
  Flutter: cabc95a1d2626b1b06e7179b784ebcf0c0cde467
  help_scout_beacon: 02c88188fc7eee2b98603dde9a42b0bd86e7653e
  integration_test: 4a889634ef21a45d28d50d622cf412dc6d9f586e
  path_provider_foundation: bb55f6dbba17d0dccd6737fe6f7f34fbd0376880

PODFILE CHECKSUM: 4f1c12611da7338d21589c0b2ecd6bd20b109694

COCOAPODS: 1.16.2
